
Microsoft Visual Studio Solution File, Format Version 12.00
Project("{2150E333-8FDC-42A3-9474-1A3956D46DE8}") = "Core", "Core", "{F910C957-AAB2-40BF-8387-E57BCCECB6B9}"
EndProject
Project("{2150E333-8FDC-42A3-9474-1A3956D46DE8}") = "Infrastructure", "Infrastructure", "{289D1ED9-6F90-457C-8992-03E6ED8887EE}"
EndProject
Project("{2150E333-8FDC-42A3-9474-1A3956D46DE8}") = "Hosts", "Hosts", "{948CC0E9-B4A9-45E4-93A3-C85FB1E43EF3}"
EndProject
Project("{2150E333-8FDC-42A3-9474-1A3956D46DE8}") = "Application", "Application", "{D011E3D1-4238-42DE-8BF3-99CBE22DA70E}"
EndProject
Project("{2150E333-8FDC-42A3-9474-1A3956D46DE8}") = "Domain", "Domain", "{96108638-8741-40E3-90C9-EADEFD7E90FC}"
EndProject
Project("{2150E333-8FDC-42A3-9474-1A3956D46DE8}") = "Presentation", "Presentation", "{FDBE7EFD-06F7-4F5D-97C7-25E4B83C8A4A}"
EndProject
Project("{FAE04EC0-301F-11D3-BF4B-00C04F79EFBC}") = "RedisPractice.Domain", "RedisPractice.Domain\RedisPractice.Domain.csproj", "{CBBCBC6C-9E5E-4FFC-8019-F947833AB76B}"
EndProject
Project("{FAE04EC0-301F-11D3-BF4B-00C04F79EFBC}") = "Application.Contracts", "Application.Contracts\Application.Contracts.csproj", "{BF10F58B-C006-4A34-8DD5-F59E886E22FA}"
EndProject
Project("{FAE04EC0-301F-11D3-BF4B-00C04F79EFBC}") = "Application.Infrastructure.Contracts", "Application.Infrastructure.Contracts\Application.Infrastructure.Contracts.csproj", "{A634FC33-220B-4869-A8E7-F4EC4824AF24}"
EndProject
Project("{FAE04EC0-301F-11D3-BF4B-00C04F79EFBC}") = "Infrastructure.Postgres", "Infrastructure.Postgres\Infrastructure.Postgres.csproj", "{CF7708E6-9AC8-434D-8599-A9B57EEAF157}"
EndProject
Project("{FAE04EC0-301F-11D3-BF4B-00C04F79EFBC}") = "Presentation.Api.V1", "Presentation.Api.V1\Presentation.Api.V1.csproj", "{AF19BA67-B610-4D73-B7E8-7907B4B4C623}"
EndProject
Project("{FAE04EC0-301F-11D3-BF4B-00C04F79EFBC}") = "Application", "Application\Application.csproj", "{4CA1E102-A33D-459F-B915-955C88BBA524}"
EndProject
Project("{FAE04EC0-301F-11D3-BF4B-00C04F79EFBC}") = "Host.WebApi", "Host.WebApi\Host.WebApi.csproj", "{8D6D6E0D-44B2-4578-89ED-6AB4BD2FDB15}"
EndProject
Project("{FAE04EC0-301F-11D3-BF4B-00C04F79EFBC}") = "Infrastructure.Redis", "Infrastructure.Redis\Infrastructure.Redis.csproj", "{9692EF59-EBC4-4762-AC4F-AE18087D1B0E}"
EndProject
Project("{FAE04EC0-301F-11D3-BF4B-00C04F79EFBC}") = "Host.BackgroundService", "Host.BackgroundService\Host.BackgroundService.csproj", "{500E904C-610B-4BD0-B663-BCEFD2EBE37D}"
EndProject
Global
	GlobalSection(SolutionConfigurationPlatforms) = preSolution
		Debug|Any CPU = Debug|Any CPU
		Release|Any CPU = Release|Any CPU
	EndGlobalSection
	GlobalSection(NestedProjects) = preSolution
		{D011E3D1-4238-42DE-8BF3-99CBE22DA70E} = {F910C957-AAB2-40BF-8387-E57BCCECB6B9}
		{96108638-8741-40E3-90C9-EADEFD7E90FC} = {F910C957-AAB2-40BF-8387-E57BCCECB6B9}
		{CBBCBC6C-9E5E-4FFC-8019-F947833AB76B} = {96108638-8741-40E3-90C9-EADEFD7E90FC}
		{BF10F58B-C006-4A34-8DD5-F59E886E22FA} = {D011E3D1-4238-42DE-8BF3-99CBE22DA70E}
		{A634FC33-220B-4869-A8E7-F4EC4824AF24} = {D011E3D1-4238-42DE-8BF3-99CBE22DA70E}
		{CF7708E6-9AC8-434D-8599-A9B57EEAF157} = {289D1ED9-6F90-457C-8992-03E6ED8887EE}
		{AF19BA67-B610-4D73-B7E8-7907B4B4C623} = {FDBE7EFD-06F7-4F5D-97C7-25E4B83C8A4A}
		{4CA1E102-A33D-459F-B915-955C88BBA524} = {D011E3D1-4238-42DE-8BF3-99CBE22DA70E}
		{8D6D6E0D-44B2-4578-89ED-6AB4BD2FDB15} = {948CC0E9-B4A9-45E4-93A3-C85FB1E43EF3}
		{9692EF59-EBC4-4762-AC4F-AE18087D1B0E} = {289D1ED9-6F90-457C-8992-03E6ED8887EE}
		{500E904C-610B-4BD0-B663-BCEFD2EBE37D} = {948CC0E9-B4A9-45E4-93A3-C85FB1E43EF3}
	EndGlobalSection
	GlobalSection(ProjectConfigurationPlatforms) = postSolution
		{CBBCBC6C-9E5E-4FFC-8019-F947833AB76B}.Debug|Any CPU.ActiveCfg = Debug|Any CPU
		{CBBCBC6C-9E5E-4FFC-8019-F947833AB76B}.Debug|Any CPU.Build.0 = Debug|Any CPU
		{CBBCBC6C-9E5E-4FFC-8019-F947833AB76B}.Release|Any CPU.ActiveCfg = Release|Any CPU
		{CBBCBC6C-9E5E-4FFC-8019-F947833AB76B}.Release|Any CPU.Build.0 = Release|Any CPU
		{BF10F58B-C006-4A34-8DD5-F59E886E22FA}.Debug|Any CPU.ActiveCfg = Debug|Any CPU
		{BF10F58B-C006-4A34-8DD5-F59E886E22FA}.Debug|Any CPU.Build.0 = Debug|Any CPU
		{BF10F58B-C006-4A34-8DD5-F59E886E22FA}.Release|Any CPU.ActiveCfg = Release|Any CPU
		{BF10F58B-C006-4A34-8DD5-F59E886E22FA}.Release|Any CPU.Build.0 = Release|Any CPU
		{A634FC33-220B-4869-A8E7-F4EC4824AF24}.Debug|Any CPU.ActiveCfg = Debug|Any CPU
		{A634FC33-220B-4869-A8E7-F4EC4824AF24}.Debug|Any CPU.Build.0 = Debug|Any CPU
		{A634FC33-220B-4869-A8E7-F4EC4824AF24}.Release|Any CPU.ActiveCfg = Release|Any CPU
		{A634FC33-220B-4869-A8E7-F4EC4824AF24}.Release|Any CPU.Build.0 = Release|Any CPU
		{CF7708E6-9AC8-434D-8599-A9B57EEAF157}.Debug|Any CPU.ActiveCfg = Debug|Any CPU
		{CF7708E6-9AC8-434D-8599-A9B57EEAF157}.Debug|Any CPU.Build.0 = Debug|Any CPU
		{CF7708E6-9AC8-434D-8599-A9B57EEAF157}.Release|Any CPU.ActiveCfg = Release|Any CPU
		{CF7708E6-9AC8-434D-8599-A9B57EEAF157}.Release|Any CPU.Build.0 = Release|Any CPU
		{AF19BA67-B610-4D73-B7E8-7907B4B4C623}.Debug|Any CPU.ActiveCfg = Debug|Any CPU
		{AF19BA67-B610-4D73-B7E8-7907B4B4C623}.Debug|Any CPU.Build.0 = Debug|Any CPU
		{AF19BA67-B610-4D73-B7E8-7907B4B4C623}.Release|Any CPU.ActiveCfg = Release|Any CPU
		{AF19BA67-B610-4D73-B7E8-7907B4B4C623}.Release|Any CPU.Build.0 = Release|Any CPU
		{4CA1E102-A33D-459F-B915-955C88BBA524}.Debug|Any CPU.ActiveCfg = Debug|Any CPU
		{4CA1E102-A33D-459F-B915-955C88BBA524}.Debug|Any CPU.Build.0 = Debug|Any CPU
		{4CA1E102-A33D-459F-B915-955C88BBA524}.Release|Any CPU.ActiveCfg = Release|Any CPU
		{4CA1E102-A33D-459F-B915-955C88BBA524}.Release|Any CPU.Build.0 = Release|Any CPU
		{8D6D6E0D-44B2-4578-89ED-6AB4BD2FDB15}.Debug|Any CPU.ActiveCfg = Debug|Any CPU
		{8D6D6E0D-44B2-4578-89ED-6AB4BD2FDB15}.Debug|Any CPU.Build.0 = Debug|Any CPU
		{8D6D6E0D-44B2-4578-89ED-6AB4BD2FDB15}.Release|Any CPU.ActiveCfg = Release|Any CPU
		{8D6D6E0D-44B2-4578-89ED-6AB4BD2FDB15}.Release|Any CPU.Build.0 = Release|Any CPU
		{9692EF59-EBC4-4762-AC4F-AE18087D1B0E}.Debug|Any CPU.ActiveCfg = Debug|Any CPU
		{9692EF59-EBC4-4762-AC4F-AE18087D1B0E}.Debug|Any CPU.Build.0 = Debug|Any CPU
		{9692EF59-EBC4-4762-AC4F-AE18087D1B0E}.Release|Any CPU.ActiveCfg = Release|Any CPU
		{9692EF59-EBC4-4762-AC4F-AE18087D1B0E}.Release|Any CPU.Build.0 = Release|Any CPU
		{500E904C-610B-4BD0-B663-BCEFD2EBE37D}.Debug|Any CPU.ActiveCfg = Debug|Any CPU
		{500E904C-610B-4BD0-B663-BCEFD2EBE37D}.Debug|Any CPU.Build.0 = Debug|Any CPU
		{500E904C-610B-4BD0-B663-BCEFD2EBE37D}.Release|Any CPU.ActiveCfg = Release|Any CPU
		{500E904C-610B-4BD0-B663-BCEFD2EBE37D}.Release|Any CPU.Build.0 = Release|Any CPU
	EndGlobalSection
EndGlobal
